<?xml version="1.0" encoding="utf-8"?>
<Project ToolsVersion="4.0" xmlns="http://schemas.microsoft.com/developer/msbuild/2003">
  <ItemGroup>
    <Filter Include="Source Files">
      <UniqueIdentifier>{4FC737F1-C7A5-4376-A066-2A32D752A2FF}</UniqueIdentifier>
      <Extensions>cpp;c;cc;cxx;def;odl;idl;hpj;bat;asm;asmx</Extensions>
    </Filter>
    <Filter Include="Header Files">
      <UniqueIdentifier>{93995380-89BD-4b04-88EB-625FBE52EBFB}</UniqueIdentifier>
      <Extensions>h;hh;hpp;hxx;hm;inl;inc;xsd</Extensions>
    </Filter>
    <Filter Include="Resource Files">
      <UniqueIdentifier>{67DA6AB6-F800-4c08-8B7A-83BB121AAD01}</UniqueIdentifier>
      <Extensions>rc;ico;cur;bmp;dlg;rc2;rct;bin;rgs;gif;jpg;jpeg;jpe;resx;tiff;tif;png;wav;mfcribbon-ms</Extensions>
    </Filter>
  </ItemGroup>
  <ItemGroup>
    <ClCompile Include="src\dllmain.cpp">
      <Filter>Source Files</Filter>
    </ClCompile>
    <ClCompile Include="src\ElDorito.cpp">
      <Filter>Source Files</Filter>
    </ClCompile>
    <ClCompile Include="src\PatchManager.cpp">
      <Filter>Source Files</Filter>
    </ClCompile>
    <ClCompile Include="src\Engine.cpp">
      <Filter>Source Files</Filter>
    </ClCompile>
    <ClCompile Include="src\DebugLog.cpp">
      <Filter>Source Files</Filter>
    </ClCompile>
    <ClCompile Include="src\Utils.cpp">
      <Filter>Source Files</Filter>
    </ClCompile>
    <ClCompile Include="src\Utils\VersionInfo.cpp">
      <Filter>Source Files</Filter>
    </ClCompile>
    <ClCompile Include="src\CommandManager.cpp">
      <Filter>Source Files</Filter>
    </ClCompile>
    <ClCompile Include="src\Commands\CameraCommandProvider.cpp">
      <Filter>Source Files</Filter>
    </ClCompile>
    <ClCompile Include="src\Patches\ArmorPatchProvider.cpp">
      <Filter>Source Files</Filter>
    </ClCompile>
    <ClCompile Include="src\Patches\CameraPatchProvider.cpp">
      <Filter>Source Files</Filter>
    </ClCompile>
    <ClCompile Include="src\Patches\ContentItemsPatchProvider.cpp">
      <Filter>Source Files</Filter>
    </ClCompile>
    <ClCompile Include="src\Patches\CorePatchProvider.cpp">
      <Filter>Source Files</Filter>
    </ClCompile>
    <ClCompile Include="src\Commands\DebugCommandProvider.cpp">
      <Filter>Source Files</Filter>
    </ClCompile>
    <ClCompile Include="src\Patches\DebugPatchProvider.cpp">
      <Filter>Source Files</Filter>
    </ClCompile>
    <ClCompile Include="src\Commands\ElDewritoCommandProvider.cpp">
      <Filter>Source Files</Filter>
    </ClCompile>
    <ClCompile Include="src\Commands\ForgeCommandProvider.cpp">
      <Filter>Source Files</Filter>
    </ClCompile>
    <ClCompile Include="src\Patches\ForgePatchProvider.cpp">
      <Filter>Source Files</Filter>
    </ClCompile>
    <ClCompile Include="src\Commands\GameCommandProvider.cpp">
      <Filter>Source Files</Filter>
    </ClCompile>
    <ClCompile Include="src\Commands\GraphicsCommandProvider.cpp">
      <Filter>Source Files</Filter>
    </ClCompile>
    <ClCompile Include="src\Commands\InputCommandProvider.cpp">
      <Filter>Source Files</Filter>
    </ClCompile>
    <ClCompile Include="src\Patches\InputPatchProvider.cpp">
      <Filter>Source Files</Filter>
    </ClCompile>
    <ClCompile Include="src\Patches\NetworkPatchProvider.cpp">
      <Filter>Source Files</Filter>
    </ClCompile>
    <ClCompile Include="src\Patches\PlayerPropertiesExtension.cpp">
      <Filter>Source Files</Filter>
    </ClCompile>
    <ClCompile Include="src\Commands\PlayerCommandProvider.cpp">
      <Filter>Source Files</Filter>
    </ClCompile>
    <ClCompile Include="src\Patches\PlayerPatchProvider.cpp">
      <Filter>Source Files</Filter>
    </ClCompile>
    <ClCompile Include="src\Patches\ScoreboardPatchProvider.cpp">
      <Filter>Source Files</Filter>
    </ClCompile>
    <ClCompile Include="src\Commands\ServerCommandProvider.cpp">
      <Filter>Source Files</Filter>
    </ClCompile>
    <ClCompile Include="src\Commands\UICommandProvider.cpp">
      <Filter>Source Files</Filter>
    </ClCompile>
    <ClCompile Include="src\Patches\UIPatchProvider.cpp">
      <Filter>Source Files</Filter>
    </ClCompile>
    <ClCompile Include="src\Patches\VirtualKeyboardPatchProvider.cpp">
      <Filter>Source Files</Filter>
    </ClCompile>
    <ClCompile Include="src\Commands\UpdaterCommandProvider.cpp">
      <Filter>Source Files</Filter>
    </ClCompile>
    <ClCompile Include="src\Commands\GameRulesCommandProvider.cpp">
      <Filter>Source Files</Filter>
    </ClCompile>
    <ClCompile Include="src\Patches\GameRulesPatchProvider.cpp">
      <Filter>Source Files</Filter>
    </ClCompile>
    <ClCompile Include="src\CommandContexts\RemoteConsoleContext.cpp">
      <Filter>Source Files</Filter>
    </ClCompile>
    <ClCompile Include="src\CommandContexts\LogFileContext.cpp">
      <Filter>Source Files</Filter>
    </ClCompile>
    <ClCompile Include="src\CommandContexts\ConsoleContext.cpp">
      <Filter>Source Files</Filter>
    </ClCompile>
    <ClCompile Include="src\CommandContexts\NullContext.cpp">
      <Filter>Source Files</Filter>
    </ClCompile>
  </ItemGroup>
  <ItemGroup>
    <ClInclude Include="src\ElDorito.hpp">
      <Filter>Header Files</Filter>
    </ClInclude>
    <ClInclude Include="include\ElDorito\ElDorito.hpp">
      <Filter>Header Files</Filter>
    </ClInclude>
    <ClInclude Include="src\PatchManager.hpp">
      <Filter>Header Files</Filter>
    </ClInclude>
    <ClInclude Include="include\ElDorito\IPatchManager.hpp">
      <Filter>Header Files</Filter>
    </ClInclude>
    <ClInclude Include="include\ElDorito\Pointer.hpp">
      <Filter>Header Files</Filter>
    </ClInclude>
    <ClInclude Include="include\ElDorito\IEngine.hpp">
      <Filter>Header Files</Filter>
    </ClInclude>
    <ClInclude Include="src\Engine.hpp">
      <Filter>Header Files</Filter>
    </ClInclude>
    <ClInclude Include="include\ElDorito\IDebugLog.hpp">
      <Filter>Header Files</Filter>
    </ClInclude>
    <ClInclude Include="include\ElDorito\Blam\BlamTypes.hpp">
      <Filter>Header Files</Filter>
    </ClInclude>
    <ClInclude Include="include\ElDorito\Blam\Tags\GameEngineSettingsDefinition.hpp">
      <Filter>Header Files</Filter>
    </ClInclude>
    <ClInclude Include="include\ElDorito\Blam\Tags\Tags.hpp">
      <Filter>Header Files</Filter>
    </ClInclude>
    <ClInclude Include="src\DebugLog.hpp">
      <Filter>Header Files</Filter>
    </ClInclude>
    <ClInclude Include="src\resource.h">
      <Filter>Header Files</Filter>
    </ClInclude>
    <ClInclude Include="include\ElDorito\IUtils.hpp">
      <Filter>Header Files</Filter>
    </ClInclude>
    <ClInclude Include="src\Utils.hpp">
      <Filter>Header Files</Filter>
    </ClInclude>
    <ClInclude Include="src\Utils\VersionInfo.hpp">
      <Filter>Header Files</Filter>
    </ClInclude>
    <ClInclude Include="src\Utils\Macros.hpp">
      <Filter>Header Files</Filter>
    </ClInclude>
    <ClInclude Include="src\Utils\Misc.hpp">
      <Filter>Header Files</Filter>
    </ClInclude>
    <ClInclude Include="src\Utils\Utils.hpp">
      <Filter>Header Files</Filter>
    </ClInclude>
    <ClInclude Include="include\ElDorito\Blam\BlamNetwork.hpp">
      <Filter>Header Files</Filter>
    </ClInclude>
    <ClInclude Include="include\ElDorito\Blam\BitStream.hpp">
      <Filter>Header Files</Filter>
    </ClInclude>
    <ClInclude Include="include\ElDorito\Utils\Bits.hpp">
      <Filter>Header Files</Filter>
    </ClInclude>
    <ClInclude Include="include\ElDorito\Blam\Tags\Scenario.hpp">
      <Filter>Header Files</Filter>
    </ClInclude>
    <ClInclude Include="include\ElDorito\Blam\ArrayGlobal.hpp">
      <Filter>Header Files</Filter>
    </ClInclude>
    <ClInclude Include="include\ElDorito\IPatchProvider.hpp">
      <Filter>Header Files</Filter>
    </ClInclude>
    <ClInclude Include="include\ElDorito\ICommandProvider.hpp">
      <Filter>Header Files</Filter>
    </ClInclude>
    <ClInclude Include="src\CommandManager.hpp">
      <Filter>Header Files</Filter>
    </ClInclude>
    <ClInclude Include="include\ElDorito\ICommandManager.hpp">
      <Filter>Header Files</Filter>
    </ClInclude>
    <ClInclude Include="src\_CSkeleton.hpp">
      <Filter>Header Files</Filter>
    </ClInclude>
    <ClInclude Include="src\_Skeleton.hpp">
      <Filter>Header Files</Filter>
    </ClInclude>
    <ClInclude Include="include\ElDorito\Blam\BlamInput.hpp">
      <Filter>Header Files</Filter>
    </ClInclude>
    <ClInclude Include="src\Commands\CameraCommandProvider.hpp">
      <Filter>Header Files</Filter>
    </ClInclude>
    <ClInclude Include="src\Patches\ArmorPatchProvider.hpp">
      <Filter>Header Files</Filter>
    </ClInclude>
    <ClInclude Include="src\Patches\CameraPatchProvider.hpp">
      <Filter>Header Files</Filter>
    </ClInclude>
    <ClInclude Include="src\Patches\ContentItemsPatchProvider.hpp">
      <Filter>Header Files</Filter>
    </ClInclude>
    <ClInclude Include="src\Patches\CorePatchProvider.hpp">
      <Filter>Header Files</Filter>
    </ClInclude>
    <ClInclude Include="src\Commands\DebugCommandProvider.hpp">
      <Filter>Header Files</Filter>
    </ClInclude>
    <ClInclude Include="src\Patches\DebugPatchProvider.hpp">
      <Filter>Header Files</Filter>
    </ClInclude>
    <ClInclude Include="src\Commands\ElDewritoCommandProvider.hpp">
      <Filter>Header Files</Filter>
    </ClInclude>
    <ClInclude Include="src\Commands\ForgeCommandProvider.hpp">
      <Filter>Header Files</Filter>
    </ClInclude>
    <ClInclude Include="src\Patches\ForgePatchProvider.hpp">
      <Filter>Header Files</Filter>
    </ClInclude>
    <ClInclude Include="src\Commands\GameCommandProvider.hpp">
      <Filter>Header Files</Filter>
    </ClInclude>
    <ClInclude Include="src\Commands\GraphicsCommandProvider.hpp">
      <Filter>Header Files</Filter>
    </ClInclude>
    <ClInclude Include="src\Commands\InputCommandProvider.hpp">
      <Filter>Header Files</Filter>
    </ClInclude>
    <ClInclude Include="src\Patches\InputPatchProvider.hpp">
      <Filter>Header Files</Filter>
    </ClInclude>
    <ClInclude Include="src\Patches\NetworkPatchProvider.hpp">
      <Filter>Header Files</Filter>
    </ClInclude>
    <ClInclude Include="src\Patches\PlayerPropertiesExtension.hpp">
      <Filter>Header Files</Filter>
    </ClInclude>
    <ClInclude Include="src\Commands\PlayerCommandProvider.hpp">
      <Filter>Header Files</Filter>
    </ClInclude>
    <ClInclude Include="src\Patches\PlayerPatchProvider.hpp">
      <Filter>Header Files</Filter>
    </ClInclude>
    <ClInclude Include="src\Patches\ScoreboardPatchProvider.hpp">
      <Filter>Header Files</Filter>
    </ClInclude>
    <ClInclude Include="src\Commands\ServerCommandProvider.hpp">
      <Filter>Header Files</Filter>
    </ClInclude>
    <ClInclude Include="src\Commands\UICommandProvider.hpp">
      <Filter>Header Files</Filter>
    </ClInclude>
    <ClInclude Include="src\Patches\UIPatchProvider.hpp">
      <Filter>Header Files</Filter>
    </ClInclude>
    <ClInclude Include="src\Patches\VirtualKeyboardPatchProvider.hpp">
      <Filter>Header Files</Filter>
    </ClInclude>
    <ClInclude Include="src\Commands\UpdaterCommandProvider.hpp">
      <Filter>Header Files</Filter>
    </ClInclude>
    <ClInclude Include="src\Commands\GameRulesCommandProvider.hpp">
      <Filter>Header Files</Filter>
    </ClInclude>
    <ClInclude Include="src\Patches\GameRulesPatchProvider.hpp">
      <Filter>Header Files</Filter>
    </ClInclude>
    <ClInclude Include="include\ElDorito\CustomPackets.hpp">
      <Filter>Header Files</Filter>
    </ClInclude>
    <ClInclude Include="include\ElDorito\ICommandContext.hpp">
      <Filter>Header Files</Filter>
    </ClInclude>
    <ClInclude Include="src\CommandContexts\RemoteConsoleContext.hpp">
      <Filter>Header Files</Filter>
    </ClInclude>
    <ClInclude Include="src\CommandContexts\LogFileContext.hpp">
      <Filter>Header Files</Filter>
    </ClInclude>
    <ClInclude Include="src\CommandContexts\ConsoleContext.hpp">
      <Filter>Header Files</Filter>
    </ClInclude>
  </ItemGroup>
  <ItemGroup>
    <ResourceCompile Include="src\Resources.rc">
      <Filter>Resource Files</Filter>
    </ResourceCompile>
  </ItemGroup>
  <ItemGroup>
    <None Include="src\CommandContexts\NullContext.hpp" />
  </ItemGroup>
</Project>