
Microsoft Visual Studio Solution File, Format Version 12.00
# Visual Studio 2013
VisualStudioVersion = 12.0.31101.0
MinimumVisualStudioVersion = 10.0.40219.1
Project("{8BC9CEB8-8B4A-11D0-8D11-00A0C91BC942}") = "DoritoHost", "DoritoHost\DoritoHost.vcxproj", "{012CA3C4-F5E7-4696-AD41-158FC04A86D2}"
	ProjectSection(ProjectDependencies) = postProject
		{A737B7B0-D18C-4625-9137-6DE99BE398AC} = {A737B7B0-D18C-4625-9137-6DE99BE398AC}
	EndProjectSection
EndProject
Project("{8BC9CEB8-8B4A-11D0-8D11-00A0C91BC942}") = "NewDorito", "NewDorito\NewDorito.vcxproj", "{A737B7B0-D18C-4625-9137-6DE99BE398AC}"
EndProject
Project("{8BC9CEB8-8B4A-11D0-8D11-00A0C91BC942}") = "ExamplePlugin", "ExamplePlugin\ExamplePlugin.vcxproj", "{42FC1BB2-5286-49AD-9114-0EDA1A87AE29}"
	ProjectSection(ProjectDependencies) = postProject
		{A737B7B0-D18C-4625-9137-6DE99BE398AC} = {A737B7B0-D18C-4625-9137-6DE99BE398AC}
	EndProjectSection
EndProject
Project("{8BC9CEB8-8B4A-11D0-8D11-00A0C91BC942}") = "ServerPlugin", "ServerPlugin\ServerPlugin.vcxproj", "{41F48857-73BF-4CC7-B21D-BEE91A18CB8A}"
	ProjectSection(ProjectDependencies) = postProject
		{A737B7B0-D18C-4625-9137-6DE99BE398AC} = {A737B7B0-D18C-4625-9137-6DE99BE398AC}
	EndProjectSection
EndProject
Project("{8BC9CEB8-8B4A-11D0-8D11-00A0C91BC942}") = "ChatPlugin", "ChatPlugin\ChatPlugin.vcxproj", "{AD5AF798-EC8B-4F9E-A89C-43DBFF9C91FD}"
EndProject
Global
	GlobalSection(SolutionConfigurationPlatforms) = preSolution
		Debug|Win32 = Debug|Win32
		Release|Win32 = Release|Win32
	EndGlobalSection
	GlobalSection(ProjectConfigurationPlatforms) = postSolution
		{012CA3C4-F5E7-4696-AD41-158FC04A86D2}.Debug|Win32.ActiveCfg = Debug|Win32
		{012CA3C4-F5E7-4696-AD41-158FC04A86D2}.Debug|Win32.Build.0 = Debug|Win32
		{012CA3C4-F5E7-4696-AD41-158FC04A86D2}.Release|Win32.ActiveCfg = Release|Win32
		{012CA3C4-F5E7-4696-AD41-158FC04A86D2}.Release|Win32.Build.0 = Release|Win32
		{A737B7B0-D18C-4625-9137-6DE99BE398AC}.Debug|Win32.ActiveCfg = Debug|Win32
		{A737B7B0-D18C-4625-9137-6DE99BE398AC}.Debug|Win32.Build.0 = Debug|Win32
		{A737B7B0-D18C-4625-9137-6DE99BE398AC}.Release|Win32.ActiveCfg = Release|Win32
		{A737B7B0-D18C-4625-9137-6DE99BE398AC}.Release|Win32.Build.0 = Release|Win32
		{42FC1BB2-5286-49AD-9114-0EDA1A87AE29}.Debug|Win32.ActiveCfg = Debug|Win32
		{42FC1BB2-5286-49AD-9114-0EDA1A87AE29}.Debug|Win32.Build.0 = Debug|Win32
		{42FC1BB2-5286-49AD-9114-0EDA1A87AE29}.Release|Win32.ActiveCfg = Release|Win32
		{42FC1BB2-5286-49AD-9114-0EDA1A87AE29}.Release|Win32.Build.0 = Release|Win32
		{41F48857-73BF-4CC7-B21D-BEE91A18CB8A}.Debug|Win32.ActiveCfg = Debug|Win32
		{41F48857-73BF-4CC7-B21D-BEE91A18CB8A}.Debug|Win32.Build.0 = Debug|Win32
		{41F48857-73BF-4CC7-B21D-BEE91A18CB8A}.Release|Win32.ActiveCfg = Release|Win32
		{41F48857-73BF-4CC7-B21D-BEE91A18CB8A}.Release|Win32.Build.0 = Release|Win32
		{AD5AF798-EC8B-4F9E-A89C-43DBFF9C91FD}.Debug|Win32.ActiveCfg = Debug|Win32
		{AD5AF798-EC8B-4F9E-A89C-43DBFF9C91FD}.Debug|Win32.Build.0 = Debug|Win32
		{AD5AF798-EC8B-4F9E-A89C-43DBFF9C91FD}.Release|Win32.ActiveCfg = Release|Win32
		{AD5AF798-EC8B-4F9E-A89C-43DBFF9C91FD}.Release|Win32.Build.0 = Release|Win32
	EndGlobalSection
	GlobalSection(SolutionProperties) = preSolution
		HideSolutionNode = FALSE
	EndGlobalSection
EndGlobal
