<?xml version="1.0" encoding="utf-8"?>
<Project ToolsVersion="4.0" xmlns="http://schemas.microsoft.com/developer/msbuild/2003">
  <ItemGroup>
    <ClCompile Include="dllmain.cpp" />
    <ClCompile Include="ModuleIRC.cpp" />
    <ClCompile Include="ModuleVoIP.cpp" />
    <ClCompile Include="TeamspeakClient.cpp" />
    <ClCompile Include="TeamspeakServer.cpp" />
  </ItemGroup>
  <ItemGroup>
    <ClInclude Include="ModuleIRC.hpp" />
    <ClInclude Include="ModuleVoIP.hpp" />
    <ClInclude Include="TeamspeakServer.hpp" />
    <ClInclude Include="TeamspeakClient.hpp" />
  </ItemGroup>
</Project>